// !$*UTF8*$!
{
	archiveVersion = 1;
	classes = {
	};
	objectVersion = 50;
	objects = {

/* Begin PBXBuildFile section */
		EA1825C524827CEA00B9C44A /* AllEmojiMemoryGameThemes.swift in Sources */ = {isa = PBXBuildFile; fileRef = EA1825C424827CEA00B9C44A /* AllEmojiMemoryGameThemes.swift */; };
		EA7AC98E24826CA000CB0B03 /* GridLayout.swift in Sources */ = {isa = PBXBuildFile; fileRef = EA7AC98D24826CA000CB0B03 /* GridLayout.swift */; };
		EA7AC99024826EF000CB0B03 /* Grid.swift in Sources */ = {isa = PBXBuildFile; fileRef = EA7AC98F24826EF000CB0B03 /* Grid.swift */; };
		EA7AC99224827B0200CB0B03 /* EmojiMemoryGameTheme.swift in Sources */ = {isa = PBXBuildFile; fileRef = EA7AC99124827B0200CB0B03 /* EmojiMemoryGameTheme.swift */; };
		EAE5761224791DAF00BFF43D /* AppDelegate.swift in Sources */ = {isa = PBXBuildFile; fileRef = EAE5761124791DAF00BFF43D /* AppDelegate.swift */; };
		EAE5761424791DAF00BFF43D /* SceneDelegate.swift in Sources */ = {isa = PBXBuildFile; fileRef = EAE5761324791DAF00BFF43D /* SceneDelegate.swift */; };
		EAE5761624791DAF00BFF43D /* EmojiMemoryCardView.swift in Sources */ = {isa = PBXBuildFile; fileRef = EAE5761524791DAF00BFF43D /* EmojiMemoryCardView.swift */; };
		EAE5761824791DAF00BFF43D /* Assets.xcassets in Resources */ = {isa = PBXBuildFile; fileRef = EAE5761724791DAF00BFF43D /* Assets.xcassets */; };
		EAE5761B24791DAF00BFF43D /* Preview Assets.xcassets in Resources */ = {isa = PBXBuildFile; fileRef = EAE5761A24791DAF00BFF43D /* Preview Assets.xcassets */; };
		EAE5761E24791DAF00BFF43D /* LaunchScreen.storyboard in Resources */ = {isa = PBXBuildFile; fileRef = EAE5761C24791DAF00BFF43D /* LaunchScreen.storyboard */; };
		EAE5762924791DAF00BFF43D /* MemoryGameTest.swift in Sources */ = {isa = PBXBuildFile; fileRef = EAE5762824791DAF00BFF43D /* MemoryGameTest.swift */; };
		EAE5763424791DAF00BFF43D /* MemorizeUITests.swift in Sources */ = {isa = PBXBuildFile; fileRef = EAE5763324791DAF00BFF43D /* MemorizeUITests.swift */; };
		EAE5764224791ECD00BFF43D /* CardView.swift in Sources */ = {isa = PBXBuildFile; fileRef = EAE5764124791ECD00BFF43D /* CardView.swift */; };
		EAE576452479213000BFF43D /* MemoryGame.swift in Sources */ = {isa = PBXBuildFile; fileRef = EAE576442479213000BFF43D /* MemoryGame.swift */; };
		EAE57647247921B400BFF43D /* EmojiMemoryGame.swift in Sources */ = {isa = PBXBuildFile; fileRef = EAE57646247921B400BFF43D /* EmojiMemoryGame.swift */; };
		EAE57649247924D000BFF43D /* EmojiMemoryGameCard.swift in Sources */ = {isa = PBXBuildFile; fileRef = EAE57648247924D000BFF43D /* EmojiMemoryGameCard.swift */; };
		EAE5764B24792ABC00BFF43D /* HalloweenEmojis.swift in Sources */ = {isa = PBXBuildFile; fileRef = EAE5764A24792ABC00BFF43D /* HalloweenEmojis.swift */; };
/* End PBXBuildFile section */

/* Begin PBXContainerItemProxy section */
		EAE5762524791DAF00BFF43D /* PBXContainerItemProxy */ = {
			isa = PBXContainerItemProxy;
			containerPortal = EAE5760624791DAF00BFF43D /* Project object */;
			proxyType = 1;
			remoteGlobalIDString = EAE5760D24791DAF00BFF43D;
			remoteInfo = memorize;
		};
		EAE5763024791DAF00BFF43D /* PBXContainerItemProxy */ = {
			isa = PBXContainerItemProxy;
			containerPortal = EAE5760624791DAF00BFF43D /* Project object */;
			proxyType = 1;
			remoteGlobalIDString = EAE5760D24791DAF00BFF43D;
			remoteInfo = memorize;
		};
/* End PBXContainerItemProxy section */

/* Begin PBXFileReference section */
		EA1825C424827CEA00B9C44A /* AllEmojiMemoryGameThemes.swift */ = {isa = PBXFileReference; lastKnownFileType = sourcecode.swift; path = AllEmojiMemoryGameThemes.swift; sourceTree = "<group>"; };
		EA7AC98D24826CA000CB0B03 /* GridLayout.swift */ = {isa = PBXFileReference; lastKnownFileType = sourcecode.swift; path = GridLayout.swift; sourceTree = "<group>"; };
		EA7AC98F24826EF000CB0B03 /* Grid.swift */ = {isa = PBXFileReference; lastKnownFileType = sourcecode.swift; path = Grid.swift; sourceTree = "<group>"; };
		EA7AC99124827B0200CB0B03 /* EmojiMemoryGameTheme.swift */ = {isa = PBXFileReference; lastKnownFileType = sourcecode.swift; path = EmojiMemoryGameTheme.swift; sourceTree = "<group>"; };
		EAE5760E24791DAF00BFF43D /* memorize.app */ = {isa = PBXFileReference; explicitFileType = wrapper.application; includeInIndex = 0; path = memorize.app; sourceTree = BUILT_PRODUCTS_DIR; };
		EAE5761124791DAF00BFF43D /* AppDelegate.swift */ = {isa = PBXFileReference; lastKnownFileType = sourcecode.swift; path = AppDelegate.swift; sourceTree = "<group>"; };
		EAE5761324791DAF00BFF43D /* SceneDelegate.swift */ = {isa = PBXFileReference; lastKnownFileType = sourcecode.swift; path = SceneDelegate.swift; sourceTree = "<group>"; };
		EAE5761524791DAF00BFF43D /* EmojiMemoryCardView.swift */ = {isa = PBXFileReference; lastKnownFileType = sourcecode.swift; path = EmojiMemoryCardView.swift; sourceTree = "<group>"; };
		EAE5761724791DAF00BFF43D /* Assets.xcassets */ = {isa = PBXFileReference; lastKnownFileType = folder.assetcatalog; path = Assets.xcassets; sourceTree = "<group>"; };
		EAE5761A24791DAF00BFF43D /* Preview Assets.xcassets */ = {isa = PBXFileReference; lastKnownFileType = folder.assetcatalog; path = "Preview Assets.xcassets"; sourceTree = "<group>"; };
		EAE5761D24791DAF00BFF43D /* Base */ = {isa = PBXFileReference; lastKnownFileType = file.storyboard; name = Base; path = Base.lproj/LaunchScreen.storyboard; sourceTree = "<group>"; };
		EAE5761F24791DAF00BFF43D /* Info.plist */ = {isa = PBXFileReference; lastKnownFileType = text.plist.xml; path = Info.plist; sourceTree = "<group>"; };
		EAE5762424791DAF00BFF43D /* memorizeTests.xctest */ = {isa = PBXFileReference; explicitFileType = wrapper.cfbundle; includeInIndex = 0; path = memorizeTests.xctest; sourceTree = BUILT_PRODUCTS_DIR; };
		EAE5762824791DAF00BFF43D /* MemoryGameTest.swift */ = {isa = PBXFileReference; lastKnownFileType = sourcecode.swift; path = MemoryGameTest.swift; sourceTree = "<group>"; };
		EAE5762A24791DAF00BFF43D /* Info.plist */ = {isa = PBXFileReference; lastKnownFileType = text.plist.xml; path = Info.plist; sourceTree = "<group>"; };
		EAE5762F24791DAF00BFF43D /* memorizeUITests.xctest */ = {isa = PBXFileReference; explicitFileType = wrapper.cfbundle; includeInIndex = 0; path = memorizeUITests.xctest; sourceTree = BUILT_PRODUCTS_DIR; };
		EAE5763324791DAF00BFF43D /* MemorizeUITests.swift */ = {isa = PBXFileReference; lastKnownFileType = sourcecode.swift; path = MemorizeUITests.swift; sourceTree = "<group>"; };
		EAE5763524791DAF00BFF43D /* Info.plist */ = {isa = PBXFileReference; lastKnownFileType = text.plist.xml; path = Info.plist; sourceTree = "<group>"; };
		EAE5764124791ECD00BFF43D /* CardView.swift */ = {isa = PBXFileReference; lastKnownFileType = sourcecode.swift; path = CardView.swift; sourceTree = "<group>"; };
		EAE576442479213000BFF43D /* MemoryGame.swift */ = {isa = PBXFileReference; lastKnownFileType = sourcecode.swift; path = MemoryGame.swift; sourceTree = "<group>"; };
		EAE57646247921B400BFF43D /* EmojiMemoryGame.swift */ = {isa = PBXFileReference; lastKnownFileType = sourcecode.swift; path = EmojiMemoryGame.swift; sourceTree = "<group>"; };
		EAE57648247924D000BFF43D /* EmojiMemoryGameCard.swift */ = {isa = PBXFileReference; lastKnownFileType = sourcecode.swift; path = EmojiMemoryGameCard.swift; sourceTree = "<group>"; };
		EAE5764A24792ABC00BFF43D /* HalloweenEmojis.swift */ = {isa = PBXFileReference; lastKnownFileType = sourcecode.swift; path = HalloweenEmojis.swift; sourceTree = "<group>"; };
/* End PBXFileReference section */

/* Begin PBXFrameworksBuildPhase section */
		EAE5760B24791DAF00BFF43D /* Frameworks */ = {
			isa = PBXFrameworksBuildPhase;
			buildActionMask = 2147483647;
			files = (
			);
			runOnlyForDeploymentPostprocessing = 0;
		};
		EAE5762124791DAF00BFF43D /* Frameworks */ = {
			isa = PBXFrameworksBuildPhase;
			buildActionMask = 2147483647;
			files = (
			);
			runOnlyForDeploymentPostprocessing = 0;
		};
		EAE5762C24791DAF00BFF43D /* Frameworks */ = {
			isa = PBXFrameworksBuildPhase;
			buildActionMask = 2147483647;
			files = (
			);
			runOnlyForDeploymentPostprocessing = 0;
		};
/* End PBXFrameworksBuildPhase section */

/* Begin PBXGroup section */
		EAE5760524791DAF00BFF43D = {
			isa = PBXGroup;
			children = (
				EAE5761024791DAF00BFF43D /* memorize */,
				EAE5762724791DAF00BFF43D /* memorizeTests */,
				EAE5763224791DAF00BFF43D /* memorizeUITests */,
				EAE5760F24791DAF00BFF43D /* Products */,
			);
			sourceTree = "<group>";
		};
		EAE5760F24791DAF00BFF43D /* Products */ = {
			isa = PBXGroup;
			children = (
				EAE5760E24791DAF00BFF43D /* memorize.app */,
				EAE5762424791DAF00BFF43D /* memorizeTests.xctest */,
				EAE5762F24791DAF00BFF43D /* memorizeUITests.xctest */,
			);
			name = Products;
			sourceTree = "<group>";
		};
		EAE5761024791DAF00BFF43D /* memorize */ = {
			isa = PBXGroup;
			children = (
				EAE5761524791DAF00BFF43D /* EmojiMemoryCardView.swift */,
				EAE5764124791ECD00BFF43D /* CardView.swift */,
				EA7AC98F24826EF000CB0B03 /* Grid.swift */,
				EA7AC98D24826CA000CB0B03 /* GridLayout.swift */,
				EAE57646247921B400BFF43D /* EmojiMemoryGame.swift */,
				EAE57648247924D000BFF43D /* EmojiMemoryGameCard.swift */,
				EAE576442479213000BFF43D /* MemoryGame.swift */,
				EAE5761324791DAF00BFF43D /* SceneDelegate.swift */,
				EA7AC99124827B0200CB0B03 /* EmojiMemoryGameTheme.swift */,
				EA1825C424827CEA00B9C44A /* AllEmojiMemoryGameThemes.swift */,
				EAE5764A24792ABC00BFF43D /* HalloweenEmojis.swift */,
				EAE5764324791F2E00BFF43D /* Supporting Files */,
				EAE5761924791DAF00BFF43D /* Preview Content */,
			);
			path = memorize;
			sourceTree = "<group>";
		};
		EAE5761924791DAF00BFF43D /* Preview Content */ = {
			isa = PBXGroup;
			children = (
				EAE5761A24791DAF00BFF43D /* Preview Assets.xcassets */,
			);
			path = "Preview Content";
			sourceTree = "<group>";
		};
		EAE5762724791DAF00BFF43D /* memorizeTests */ = {
			isa = PBXGroup;
			children = (
				EAE5762824791DAF00BFF43D /* MemoryGameTest.swift */,
				EAE5762A24791DAF00BFF43D /* Info.plist */,
			);
			path = memorizeTests;
			sourceTree = "<group>";
		};
		EAE5763224791DAF00BFF43D /* memorizeUITests */ = {
			isa = PBXGroup;
			children = (
				EAE5763324791DAF00BFF43D /* MemorizeUITests.swift */,
				EAE5763524791DAF00BFF43D /* Info.plist */,
			);
			path = memorizeUITests;
			sourceTree = "<group>";
		};
		EAE5764324791F2E00BFF43D /* Supporting Files */ = {
			isa = PBXGroup;
			children = (
				EAE5761124791DAF00BFF43D /* AppDelegate.swift */,
				EAE5761724791DAF00BFF43D /* Assets.xcassets */,
				EAE5761C24791DAF00BFF43D /* LaunchScreen.storyboard */,
				EAE5761F24791DAF00BFF43D /* Info.plist */,
			);
			path = "Supporting Files";
			sourceTree = "<group>";
		};
/* End PBXGroup section */

/* Begin PBXNativeTarget section */
		EAE5760D24791DAF00BFF43D /* memorize */ = {
			isa = PBXNativeTarget;
			buildConfigurationList = EAE5763824791DAF00BFF43D /* Build configuration list for PBXNativeTarget "memorize" */;
			buildPhases = (
				EAE5760A24791DAF00BFF43D /* Sources */,
				EAE5760B24791DAF00BFF43D /* Frameworks */,
				EAE5760C24791DAF00BFF43D /* Resources */,
				EAE5764C24792B0500BFF43D /* swiftformat */,
				EAE5764D24792B4600BFF43D /* swiftlint */,
			);
			buildRules = (
			);
			dependencies = (
			);
			name = memorize;
			productName = memorize;
			productReference = EAE5760E24791DAF00BFF43D /* memorize.app */;
			productType = "com.apple.product-type.application";
		};
		EAE5762324791DAF00BFF43D /* memorizeTests */ = {
			isa = PBXNativeTarget;
			buildConfigurationList = EAE5763B24791DAF00BFF43D /* Build configuration list for PBXNativeTarget "memorizeTests" */;
			buildPhases = (
				EAE5762024791DAF00BFF43D /* Sources */,
				EAE5762124791DAF00BFF43D /* Frameworks */,
				EAE5762224791DAF00BFF43D /* Resources */,
			);
			buildRules = (
			);
			dependencies = (
				EAE5762624791DAF00BFF43D /* PBXTargetDependency */,
			);
			name = memorizeTests;
			productName = memorizeTests;
			productReference = EAE5762424791DAF00BFF43D /* memorizeTests.xctest */;
			productType = "com.apple.product-type.bundle.unit-test";
		};
		EAE5762E24791DAF00BFF43D /* memorizeUITests */ = {
			isa = PBXNativeTarget;
			buildConfigurationList = EAE5763E24791DAF00BFF43D /* Build configuration list for PBXNativeTarget "memorizeUITests" */;
			buildPhases = (
				EAE5762B24791DAF00BFF43D /* Sources */,
				EAE5762C24791DAF00BFF43D /* Frameworks */,
				EAE5762D24791DAF00BFF43D /* Resources */,
			);
			buildRules = (
			);
			dependencies = (
				EAE5763124791DAF00BFF43D /* PBXTargetDependency */,
			);
			name = memorizeUITests;
			productName = memorizeUITests;
			productReference = EAE5762F24791DAF00BFF43D /* memorizeUITests.xctest */;
			productType = "com.apple.product-type.bundle.ui-testing";
		};
/* End PBXNativeTarget section */

/* Begin PBXProject section */
		EAE5760624791DAF00BFF43D /* Project object */ = {
			isa = PBXProject;
			attributes = {
				LastSwiftUpdateCheck = 1150;
				LastUpgradeCheck = 1150;
				ORGANIZATIONNAME = "Tiago Martinho";
				TargetAttributes = {
					EAE5760D24791DAF00BFF43D = {
						CreatedOnToolsVersion = 11.5;
					};
					EAE5762324791DAF00BFF43D = {
						CreatedOnToolsVersion = 11.5;
						TestTargetID = EAE5760D24791DAF00BFF43D;
					};
					EAE5762E24791DAF00BFF43D = {
						CreatedOnToolsVersion = 11.5;
						TestTargetID = EAE5760D24791DAF00BFF43D;
					};
				};
			};
			buildConfigurationList = EAE5760924791DAF00BFF43D /* Build configuration list for PBXProject "memorize" */;
			compatibilityVersion = "Xcode 9.3";
			developmentRegion = en;
			hasScannedForEncodings = 0;
			knownRegions = (
				en,
				Base,
			);
			mainGroup = EAE5760524791DAF00BFF43D;
			productRefGroup = EAE5760F24791DAF00BFF43D /* Products */;
			projectDirPath = "";
			projectRoot = "";
			targets = (
				EAE5760D24791DAF00BFF43D /* memorize */,
				EAE5762324791DAF00BFF43D /* memorizeTests */,
				EAE5762E24791DAF00BFF43D /* memorizeUITests */,
			);
		};
/* End PBXProject section */

/* Begin PBXResourcesBuildPhase section */
		EAE5760C24791DAF00BFF43D /* Resources */ = {
			isa = PBXResourcesBuildPhase;
			buildActionMask = 2147483647;
			files = (
				EAE5761E24791DAF00BFF43D /* LaunchScreen.storyboard in Resources */,
				EAE5761B24791DAF00BFF43D /* Preview Assets.xcassets in Resources */,
				EAE5761824791DAF00BFF43D /* Assets.xcassets in Resources */,
			);
			runOnlyForDeploymentPostprocessing = 0;
		};
		EAE5762224791DAF00BFF43D /* Resources */ = {
			isa = PBXResourcesBuildPhase;
			buildActionMask = 2147483647;
			files = (
			);
			runOnlyForDeploymentPostprocessing = 0;
		};
		EAE5762D24791DAF00BFF43D /* Resources */ = {
			isa = PBXResourcesBuildPhase;
			buildActionMask = 2147483647;
			files = (
			);
			runOnlyForDeploymentPostprocessing = 0;
		};
/* End PBXResourcesBuildPhase section */

/* Begin PBXShellScriptBuildPhase section */
		EAE5764C24792B0500BFF43D /* swiftformat */ = {
			isa = PBXShellScriptBuildPhase;
			buildActionMask = 2147483647;
			files = (
			);
			inputFileListPaths = (
			);
			inputPaths = (
			);
			name = swiftformat;
			outputFileListPaths = (
			);
			outputPaths = (
			);
			runOnlyForDeploymentPostprocessing = 0;
			shellPath = /bin/sh;
			shellScript = "if which swiftformat >/dev/null; then\nswiftformat ./memorize\nelse\necho \"warning: swiftformat not installed\"\nfi\n";
		};
		EAE5764D24792B4600BFF43D /* swiftlint */ = {
			isa = PBXShellScriptBuildPhase;
			buildActionMask = 2147483647;
			files = (
			);
			inputFileListPaths = (
			);
			inputPaths = (
			);
			name = swiftlint;
			outputFileListPaths = (
			);
			outputPaths = (
			);
			runOnlyForDeploymentPostprocessing = 0;
			shellPath = /bin/sh;
			shellScript = "if which swiftlint >/dev/null; then\nswiftlint autocorrect\nswiftlint\nelse\necho \"warning: SwiftLint not installed, download from https://github.com/realm/SwiftLint\"\nfi\n";
		};
/* End PBXShellScriptBuildPhase section */

/* Begin PBXSourcesBuildPhase section */
		EAE5760A24791DAF00BFF43D /* Sources */ = {
			isa = PBXSourcesBuildPhase;
			buildActionMask = 2147483647;
			files = (
				EAE5761224791DAF00BFF43D /* AppDelegate.swift in Sources */,
				EAE5761424791DAF00BFF43D /* SceneDelegate.swift in Sources */,
				EAE576452479213000BFF43D /* MemoryGame.swift in Sources */,
				EA7AC99024826EF000CB0B03 /* Grid.swift in Sources */,
				EAE5764224791ECD00BFF43D /* CardView.swift in Sources */,
				EA7AC99224827B0200CB0B03 /* EmojiMemoryGameTheme.swift in Sources */,
				EAE5761624791DAF00BFF43D /* EmojiMemoryCardView.swift in Sources */,
				EAE57649247924D000BFF43D /* EmojiMemoryGameCard.swift in Sources */,
				EA7AC98E24826CA000CB0B03 /* GridLayout.swift in Sources */,
				EAE5764B24792ABC00BFF43D /* HalloweenEmojis.swift in Sources */,
				EAE57647247921B400BFF43D /* EmojiMemoryGame.swift in Sources */,
				EA1825C524827CEA00B9C44A /* AllEmojiMemoryGameThemes.swift in Sources */,
			);
			runOnlyForDeploymentPostprocessing = 0;
		};
		EAE5762024791DAF00BFF43D /* Sources */ = {
			isa = PBXSourcesBuildPhase;
			buildActionMask = 2147483647;
			files = (
				EAE5762924791DAF00BFF43D /* MemoryGameTest.swift in Sources */,
			);
			runOnlyForDeploymentPostprocessing = 0;
		};
		EAE5762B24791DAF00BFF43D /* Sources */ = {
			isa = PBXSourcesBuildPhase;
			buildActionMask = 2147483647;
			files = (
				EAE5763424791DAF00BFF43D /* MemorizeUITests.swift in Sources */,
			);
			runOnlyForDeploymentPostprocessing = 0;
		};
/* End PBXSourcesBuildPhase section */

/* Begin PBXTargetDependency section */
		EAE5762624791DAF00BFF43D /* PBXTargetDependency */ = {
			isa = PBXTargetDependency;
			target = EAE5760D24791DAF00BFF43D /* memorize */;
			targetProxy = EAE5762524791DAF00BFF43D /* PBXContainerItemProxy */;
		};
		EAE5763124791DAF00BFF43D /* PBXTargetDependency */ = {
			isa = PBXTargetDependency;
			target = EAE5760D24791DAF00BFF43D /* memorize */;
			targetProxy = EAE5763024791DAF00BFF43D /* PBXContainerItemProxy */;
		};
/* End PBXTargetDependency section */

/* Begin PBXVariantGroup section */
		EAE5761C24791DAF00BFF43D /* LaunchScreen.storyboard */ = {
			isa = PBXVariantGroup;
			children = (
				EAE5761D24791DAF00BFF43D /* Base */,
			);
			name = LaunchScreen.storyboard;
			sourceTree = "<group>";
		};
/* End PBXVariantGroup section */

/* Begin XCBuildConfiguration section */
		EAE5763624791DAF00BFF43D /* Debug */ = {
			isa = XCBuildConfiguration;
			buildSettings = {
				ALWAYS_SEARCH_USER_PATHS = NO;
				CLANG_ANALYZER_NONNULL = YES;
				CLANG_ANALYZER_NUMBER_OBJECT_CONVERSION = YES_AGGRESSIVE;
				CLANG_CXX_LANGUAGE_STANDARD = "gnu++14";
				CLANG_CXX_LIBRARY = "libc++";
				CLANG_ENABLE_MODULES = YES;
				CLANG_ENABLE_OBJC_ARC = YES;
				CLANG_ENABLE_OBJC_WEAK = YES;
				CLANG_WARN_BLOCK_CAPTURE_AUTORELEASING = YES;
				CLANG_WARN_BOOL_CONVERSION = YES;
				CLANG_WARN_COMMA = YES;
				CLANG_WARN_CONSTANT_CONVERSION = YES;
				CLANG_WARN_DEPRECATED_OBJC_IMPLEMENTATIONS = YES;
				CLANG_WARN_DIRECT_OBJC_ISA_USAGE = YES_ERROR;
				CLANG_WARN_DOCUMENTATION_COMMENTS = YES;
				CLANG_WARN_EMPTY_BODY = YES;
				CLANG_WARN_ENUM_CONVERSION = YES;
				CLANG_WARN_INFINITE_RECURSION = YES;
				CLANG_WARN_INT_CONVERSION = YES;
				CLANG_WARN_NON_LITERAL_NULL_CONVERSION = YES;
				CLANG_WARN_OBJC_IMPLICIT_RETAIN_SELF = YES;
				CLANG_WARN_OBJC_LITERAL_CONVERSION = YES;
				CLANG_WARN_OBJC_ROOT_CLASS = YES_ERROR;
				CLANG_WARN_RANGE_LOOP_ANALYSIS = YES;
				CLANG_WARN_STRICT_PROTOTYPES = YES;
				CLANG_WARN_SUSPICIOUS_MOVE = YES;
				CLANG_WARN_UNGUARDED_AVAILABILITY = YES_AGGRESSIVE;
				CLANG_WARN_UNREACHABLE_CODE = YES;
				CLANG_WARN__DUPLICATE_METHOD_MATCH = YES;
				COPY_PHASE_STRIP = NO;
				DEBUG_INFORMATION_FORMAT = dwarf;
				ENABLE_STRICT_OBJC_MSGSEND = YES;
				ENABLE_TESTABILITY = YES;
				GCC_C_LANGUAGE_STANDARD = gnu11;
				GCC_DYNAMIC_NO_PIC = NO;
				GCC_NO_COMMON_BLOCKS = YES;
				GCC_OPTIMIZATION_LEVEL = 0;
				GCC_PREPROCESSOR_DEFINITIONS = (
					"DEBUG=1",
					"$(inherited)",
				);
				GCC_WARN_64_TO_32_BIT_CONVERSION = YES;
				GCC_WARN_ABOUT_RETURN_TYPE = YES_ERROR;
				GCC_WARN_UNDECLARED_SELECTOR = YES;
				GCC_WARN_UNINITIALIZED_AUTOS = YES_AGGRESSIVE;
				GCC_WARN_UNUSED_FUNCTION = YES;
				GCC_WARN_UNUSED_VARIABLE = YES;
				IPHONEOS_DEPLOYMENT_TARGET = 13.5;
				MTL_ENABLE_DEBUG_INFO = INCLUDE_SOURCE;
				MTL_FAST_MATH = YES;
				ONLY_ACTIVE_ARCH = YES;
				SDKROOT = iphoneos;
				SWIFT_ACTIVE_COMPILATION_CONDITIONS = DEBUG;
				SWIFT_OPTIMIZATION_LEVEL = "-Onone";
			};
			name = Debug;
		};
		EAE5763724791DAF00BFF43D /* Release */ = {
			isa = XCBuildConfiguration;
			buildSettings = {
				ALWAYS_SEARCH_USER_PATHS = NO;
				CLANG_ANALYZER_NONNULL = YES;
				CLANG_ANALYZER_NUMBER_OBJECT_CONVERSION = YES_AGGRESSIVE;
				CLANG_CXX_LANGUAGE_STANDARD = "gnu++14";
				CLANG_CXX_LIBRARY = "libc++";
				CLANG_ENABLE_MODULES = YES;
				CLANG_ENABLE_OBJC_ARC = YES;
				CLANG_ENABLE_OBJC_WEAK = YES;
				CLANG_WARN_BLOCK_CAPTURE_AUTORELEASING = YES;
				CLANG_WARN_BOOL_CONVERSION = YES;
				CLANG_WARN_COMMA = YES;
				CLANG_WARN_CONSTANT_CONVERSION = YES;
				CLANG_WARN_DEPRECATED_OBJC_IMPLEMENTATIONS = YES;
				CLANG_WARN_DIRECT_OBJC_ISA_USAGE = YES_ERROR;
				CLANG_WARN_DOCUMENTATION_COMMENTS = YES;
				CLANG_WARN_EMPTY_BODY = YES;
				CLANG_WARN_ENUM_CONVERSION = YES;
				CLANG_WARN_INFINITE_RECURSION = YES;
				CLANG_WARN_INT_CONVERSION = YES;
				CLANG_WARN_NON_LITERAL_NULL_CONVERSION = YES;
				CLANG_WARN_OBJC_IMPLICIT_RETAIN_SELF = YES;
				CLANG_WARN_OBJC_LITERAL_CONVERSION = YES;
				CLANG_WARN_OBJC_ROOT_CLASS = YES_ERROR;
				CLANG_WARN_RANGE_LOOP_ANALYSIS = YES;
				CLANG_WARN_STRICT_PROTOTYPES = YES;
				CLANG_WARN_SUSPICIOUS_MOVE = YES;
				CLANG_WARN_UNGUARDED_AVAILABILITY = YES_AGGRESSIVE;
				CLANG_WARN_UNREACHABLE_CODE = YES;
				CLANG_WARN__DUPLICATE_METHOD_MATCH = YES;
				COPY_PHASE_STRIP = NO;
				DEBUG_INFORMATION_FORMAT = "dwarf-with-dsym";
				ENABLE_NS_ASSERTIONS = NO;
				ENABLE_STRICT_OBJC_MSGSEND = YES;
				GCC_C_LANGUAGE_STANDARD = gnu11;
				GCC_NO_COMMON_BLOCKS = YES;
				GCC_WARN_64_TO_32_BIT_CONVERSION = YES;
				GCC_WARN_ABOUT_RETURN_TYPE = YES_ERROR;
				GCC_WARN_UNDECLARED_SELECTOR = YES;
				GCC_WARN_UNINITIALIZED_AUTOS = YES_AGGRESSIVE;
				GCC_WARN_UNUSED_FUNCTION = YES;
				GCC_WARN_UNUSED_VARIABLE = YES;
				IPHONEOS_DEPLOYMENT_TARGET = 13.5;
				MTL_ENABLE_DEBUG_INFO = NO;
				MTL_FAST_MATH = YES;
				SDKROOT = iphoneos;
				SWIFT_COMPILATION_MODE = wholemodule;
				SWIFT_OPTIMIZATION_LEVEL = "-O";
				VALIDATE_PRODUCT = YES;
			};
			name = Release;
		};
		EAE5763924791DAF00BFF43D /* Debug */ = {
			isa = XCBuildConfiguration;
			buildSettings = {
				ASSETCATALOG_COMPILER_APPICON_NAME = AppIcon;
				CODE_SIGN_STYLE = Automatic;
				DEVELOPMENT_ASSET_PATHS = "\"memorize/Preview Content\"";
				DEVELOPMENT_TEAM = 4C34FT6ABU;
				ENABLE_PREVIEWS = YES;
				INFOPLIST_FILE = "memorize/Supporting Files/Info.plist";
				LD_RUNPATH_SEARCH_PATHS = (
					"$(inherited)",
					"@executable_path/Frameworks",
				);
				PRODUCT_BUNDLE_IDENTIFIER = com.tm.memorize;
				PRODUCT_NAME = "$(TARGET_NAME)";
				SWIFT_VERSION = 5.0;
				TARGETED_DEVICE_FAMILY = "1,2";
			};
			name = Debug;
		};
		EAE5763A24791DAF00BFF43D /* Release */ = {
			isa = XCBuildConfiguration;
			buildSettings = {
				ASSETCATALOG_COMPILER_APPICON_NAME = AppIcon;
				CODE_SIGN_STYLE = Automatic;
				DEVELOPMENT_ASSET_PATHS = "\"memorize/Preview Content\"";
				DEVELOPMENT_TEAM = 4C34FT6ABU;
				ENABLE_PREVIEWS = YES;
				INFOPLIST_FILE = "memorize/Supporting Files/Info.plist";
				LD_RUNPATH_SEARCH_PATHS = (
					"$(inherited)",
					"@executable_path/Frameworks",
				);
				PRODUCT_BUNDLE_IDENTIFIER = com.tm.memorize;
				PRODUCT_NAME = "$(TARGET_NAME)";
				SWIFT_VERSION = 5.0;
				TARGETED_DEVICE_FAMILY = "1,2";
			};
			name = Release;
		};
		EAE5763C24791DAF00BFF43D /* Debug */ = {
			isa = XCBuildConfiguration;
			buildSettings = {
				ALWAYS_EMBED_SWIFT_STANDARD_LIBRARIES = YES;
				BUNDLE_LOADER = "$(TEST_HOST)";
				CODE_SIGN_STYLE = Automatic;
				DEVELOPMENT_TEAM = 4C34FT6ABU;
				INFOPLIST_FILE = memorizeTests/Info.plist;
				IPHONEOS_DEPLOYMENT_TARGET = 13.5;
				LD_RUNPATH_SEARCH_PATHS = (
					"$(inherited)",
					"@executable_path/Frameworks",
					"@loader_path/Frameworks",
				);
				PRODUCT_BUNDLE_IDENTIFIER = com.tm.memorizeTests;
				PRODUCT_NAME = "$(TARGET_NAME)";
				SWIFT_VERSION = 5.0;
				TARGETED_DEVICE_FAMILY = "1,2";
				TEST_HOST = "$(BUILT_PRODUCTS_DIR)/memorize.app/memorize";
			};
			name = Debug;
		};
		EAE5763D24791DAF00BFF43D /* Release */ = {
			isa = XCBuildConfiguration;
			buildSettings = {
				ALWAYS_EMBED_SWIFT_STANDARD_LIBRARIES = YES;
				BUNDLE_LOADER = "$(TEST_HOST)";
				CODE_SIGN_STYLE = Automatic;
				DEVELOPMENT_TEAM = 4C34FT6ABU;
				INFOPLIST_FILE = memorizeTests/Info.plist;
				IPHONEOS_DEPLOYMENT_TARGET = 13.5;
				LD_RUNPATH_SEARCH_PATHS = (
					"$(inherited)",
					"@executable_path/Frameworks",
					"@loader_path/Frameworks",
				);
				PRODUCT_BUNDLE_IDENTIFIER = com.tm.memorizeTests;
				PRODUCT_NAME = "$(TARGET_NAME)";
				SWIFT_VERSION = 5.0;
				TARGETED_DEVICE_FAMILY = "1,2";
				TEST_HOST = "$(BUILT_PRODUCTS_DIR)/memorize.app/memorize";
			};
			name = Release;
		};
		EAE5763F24791DAF00BFF43D /* Debug */ = {
			isa = XCBuildConfiguration;
			buildSettings = {
				ALWAYS_EMBED_SWIFT_STANDARD_LIBRARIES = YES;
				CODE_SIGN_STYLE = Automatic;
				DEVELOPMENT_TEAM = 4C34FT6ABU;
				INFOPLIST_FILE = memorizeUITests/Info.plist;
				LD_RUNPATH_SEARCH_PATHS = (
					"$(inherited)",
					"@executable_path/Frameworks",
					"@loader_path/Frameworks",
				);
				PRODUCT_BUNDLE_IDENTIFIER = com.tm.memorizeUITests;
				PRODUCT_NAME = "$(TARGET_NAME)";
				SWIFT_VERSION = 5.0;
				TARGETED_DEVICE_FAMILY = "1,2";
				TEST_TARGET_NAME = memorize;
			};
			name = Debug;
		};
		EAE5764024791DAF00BFF43D /* Release */ = {
			isa = XCBuildConfiguration;
			buildSettings = {
				ALWAYS_EMBED_SWIFT_STANDARD_LIBRARIES = YES;
				CODE_SIGN_STYLE = Automatic;
				DEVELOPMENT_TEAM = 4C34FT6ABU;
				INFOPLIST_FILE = memorizeUITests/Info.plist;
				LD_RUNPATH_SEARCH_PATHS = (
					"$(inherited)",
					"@executable_path/Frameworks",
					"@loader_path/Frameworks",
				);
				PRODUCT_BUNDLE_IDENTIFIER = com.tm.memorizeUITests;
				PRODUCT_NAME = "$(TARGET_NAME)";
				SWIFT_VERSION = 5.0;
				TARGETED_DEVICE_FAMILY = "1,2";
				TEST_TARGET_NAME = memorize;
			};
			name = Release;
		};
/* End XCBuildConfiguration section */

/* Begin XCConfigurationList section */
		EAE5760924791DAF00BFF43D /* Build configuration list for PBXProject "memorize" */ = {
			isa = XCConfigurationList;
			buildConfigurations = (
				EAE5763624791DAF00BFF43D /* Debug */,
				EAE5763724791DAF00BFF43D /* Release */,
			);
			defaultConfigurationIsVisible = 0;
			defaultConfigurationName = Release;
		};
		EAE5763824791DAF00BFF43D /* Build configuration list for PBXNativeTarget "memorize" */ = {
			isa = XCConfigurationList;
			buildConfigurations = (
				EAE5763924791DAF00BFF43D /* Debug */,
				EAE5763A24791DAF00BFF43D /* Release */,
			);
			defaultConfigurationIsVisible = 0;
			defaultConfigurationName = Release;
		};
		EAE5763B24791DAF00BFF43D /* Build configuration list for PBXNativeTarget "memorizeTests" */ = {
			isa = XCConfigurationList;
			buildConfigurations = (
				EAE5763C24791DAF00BFF43D /* Debug */,
				EAE5763D24791DAF00BFF43D /* Release */,
			);
			defaultConfigurationIsVisible = 0;
			defaultConfigurationName = Release;
		};
		EAE5763E24791DAF00BFF43D /* Build configuration list for PBXNativeTarget "memorizeUITests" */ = {
			isa = XCConfigurationList;
			buildConfigurations = (
				EAE5763F24791DAF00BFF43D /* Debug */,
				EAE5764024791DAF00BFF43D /* Release */,
			);
			defaultConfigurationIsVisible = 0;
			defaultConfigurationName = Release;
		};
/* End XCConfigurationList section */
	};
	rootObject = EAE5760624791DAF00BFF43D /* Project object */;
}
